// !$*UTF8*$!
{
	archiveVersion = 1;
	classes = {
	};
	objectVersion = 51;
	objects = {

/* Begin PBXBuildFile section */
		BA0BC2FF236459F300AA9CB7 /* RoomName.swift in Sources */ = {isa = PBXBuildFile; fileRef = BA0BC2FE236459F300AA9CB7 /* RoomName.swift */; };
		BA0BC30123646A2100AA9CB7 /* ChatViewController.swift in Sources */ = {isa = PBXBuildFile; fileRef = BA0BC30023646A2100AA9CB7 /* ChatViewController.swift */; };
		BA248DB623624AAC003CFB3C /* GoogleService-Info.plist in Resources */ = {isa = PBXBuildFile; fileRef = BA248DB523624AAC003CFB3C /* GoogleService-Info.plist */; };
		BA248DB82362697A003CFB3C /* HomeVCViewController.swift in Sources */ = {isa = PBXBuildFile; fileRef = BA248DB72362697A003CFB3C /* HomeVCViewController.swift */; };
		BAAA28D22361FD8100F067A0 /* AppDelegate.swift in Sources */ = {isa = PBXBuildFile; fileRef = BAAA28D12361FD8100F067A0 /* AppDelegate.swift */; };
		BAAA28D42361FD8100F067A0 /* SceneDelegate.swift in Sources */ = {isa = PBXBuildFile; fileRef = BAAA28D32361FD8100F067A0 /* SceneDelegate.swift */; };
		BAAA28D62361FD8100F067A0 /* ViewController.swift in Sources */ = {isa = PBXBuildFile; fileRef = BAAA28D52361FD8100F067A0 /* ViewController.swift */; };
		BAAA28D92361FD8100F067A0 /* Main.storyboard in Resources */ = {isa = PBXBuildFile; fileRef = BAAA28D72361FD8100F067A0 /* Main.storyboard */; };
		BAAA28DB2361FD8200F067A0 /* Assets.xcassets in Resources */ = {isa = PBXBuildFile; fileRef = BAAA28DA2361FD8200F067A0 /* Assets.xcassets */; };
		BAAA28DE2361FD8200F067A0 /* LaunchScreen.storyboard in Resources */ = {isa = PBXBuildFile; fileRef = BAAA28DC2361FD8200F067A0 /* LaunchScreen.storyboard */; };
		BAAA28E62361FF7100F067A0 /* CustomCell.swift in Sources */ = {isa = PBXBuildFile; fileRef = BAAA28E52361FF7100F067A0 /* CustomCell.swift */; };
		BFF4DA303927995BCC0DD2A1 /* Pods_WEChat.framework in Frameworks */ = {isa = PBXBuildFile; fileRef = 9BA5DBD667EBA5DC321CB34D /* Pods_WEChat.framework */; };
/* End PBXBuildFile section */

/* Begin PBXFileReference section */
		2EAD8242AEC565DD79CE76C2 /* Pods-WEChat.debug.xcconfig */ = {isa = PBXFileReference; includeInIndex = 1; lastKnownFileType = text.xcconfig; name = "Pods-WEChat.debug.xcconfig"; path = "Target Support Files/Pods-WEChat/Pods-WEChat.debug.xcconfig"; sourceTree = "<group>"; };
		9BA5DBD667EBA5DC321CB34D /* Pods_WEChat.framework */ = {isa = PBXFileReference; explicitFileType = wrapper.framework; includeInIndex = 0; path = Pods_WEChat.framework; sourceTree = BUILT_PRODUCTS_DIR; };
		BA0BC2FE236459F300AA9CB7 /* RoomName.swift */ = {isa = PBXFileReference; lastKnownFileType = sourcecode.swift; path = RoomName.swift; sourceTree = "<group>"; };
		BA0BC30023646A2100AA9CB7 /* ChatViewController.swift */ = {isa = PBXFileReference; lastKnownFileType = sourcecode.swift; path = ChatViewController.swift; sourceTree = "<group>"; };
		BA248DB523624AAC003CFB3C /* GoogleService-Info.plist */ = {isa = PBXFileReference; fileEncoding = 4; lastKnownFileType = text.plist.xml; path = "GoogleService-Info.plist"; sourceTree = "<group>"; };
		BA248DB72362697A003CFB3C /* HomeVCViewController.swift */ = {isa = PBXFileReference; lastKnownFileType = sourcecode.swift; path = HomeVCViewController.swift; sourceTree = "<group>"; };
		BAAA28CE2361FD8100F067A0 /* WEChat.app */ = {isa = PBXFileReference; explicitFileType = wrapper.application; includeInIndex = 0; path = WEChat.app; sourceTree = BUILT_PRODUCTS_DIR; };
		BAAA28D12361FD8100F067A0 /* AppDelegate.swift */ = {isa = PBXFileReference; lastKnownFileType = sourcecode.swift; path = AppDelegate.swift; sourceTree = "<group>"; };
		BAAA28D32361FD8100F067A0 /* SceneDelegate.swift */ = {isa = PBXFileReference; lastKnownFileType = sourcecode.swift; path = SceneDelegate.swift; sourceTree = "<group>"; };
		BAAA28D52361FD8100F067A0 /* ViewController.swift */ = {isa = PBXFileReference; lastKnownFileType = sourcecode.swift; path = ViewController.swift; sourceTree = "<group>"; };
		BAAA28D82361FD8100F067A0 /* Base */ = {isa = PBXFileReference; lastKnownFileType = file.storyboard; name = Base; path = Base.lproj/Main.storyboard; sourceTree = "<group>"; };
		BAAA28DA2361FD8200F067A0 /* Assets.xcassets */ = {isa = PBXFileReference; lastKnownFileType = folder.assetcatalog; path = Assets.xcassets; sourceTree = "<group>"; };
		BAAA28DD2361FD8200F067A0 /* Base */ = {isa = PBXFileReference; lastKnownFileType = file.storyboard; name = Base; path = Base.lproj/LaunchScreen.storyboard; sourceTree = "<group>"; };
		BAAA28DF2361FD8200F067A0 /* Info.plist */ = {isa = PBXFileReference; lastKnownFileType = text.plist.xml; path = Info.plist; sourceTree = "<group>"; };
		BAAA28E52361FF7100F067A0 /* CustomCell.swift */ = {isa = PBXFileReference; lastKnownFileType = sourcecode.swift; path = CustomCell.swift; sourceTree = "<group>"; };
		CE8FC93BCF86F2552EBDCA0E /* Pods-WEChat.release.xcconfig */ = {isa = PBXFileReference; includeInIndex = 1; lastKnownFileType = text.xcconfig; name = "Pods-WEChat.release.xcconfig"; path = "Target Support Files/Pods-WEChat/Pods-WEChat.release.xcconfig"; sourceTree = "<group>"; };
/* End PBXFileReference section */

/* Begin PBXFrameworksBuildPhase section */
		BAAA28CB2361FD8100F067A0 /* Frameworks */ = {
			isa = PBXFrameworksBuildPhase;
			buildActionMask = 2147483647;
			files = (
				BFF4DA303927995BCC0DD2A1 /* Pods_WEChat.framework in Frameworks */,
			);
			runOnlyForDeploymentPostprocessing = 0;
		};
/* End PBXFrameworksBuildPhase section */

/* Begin PBXGroup section */
		2B6599282243853F2DA160C3 /* Frameworks */ = {
			isa = PBXGroup;
			children = (
				9BA5DBD667EBA5DC321CB34D /* Pods_WEChat.framework */,
			);
			name = Frameworks;
			sourceTree = "<group>";
		};
		857EBDF7E2DCFF11A63B8AF3 /* Pods */ = {
			isa = PBXGroup;
			children = (
				2EAD8242AEC565DD79CE76C2 /* Pods-WEChat.debug.xcconfig */,
				CE8FC93BCF86F2552EBDCA0E /* Pods-WEChat.release.xcconfig */,
			);
			path = Pods;
			sourceTree = "<group>";
		};
		BA248DB223620693003CFB3C /* Controller */ = {
			isa = PBXGroup;
			children = (
				BAAA28D52361FD8100F067A0 /* ViewController.swift */,
				BA248DB72362697A003CFB3C /* HomeVCViewController.swift */,
				BA0BC30023646A2100AA9CB7 /* ChatViewController.swift */,
			);
			path = Controller;
			sourceTree = "<group>";
		};
		BA248DB3236206A2003CFB3C /* Model */ = {
			isa = PBXGroup;
			children = (
				BAAA28E52361FF7100F067A0 /* CustomCell.swift */,
				BA0BC2FE236459F300AA9CB7 /* RoomName.swift */,
			);
			path = Model;
			sourceTree = "<group>";
		};
		BA248DB4236206AE003CFB3C /* View */ = {
			isa = PBXGroup;
			children = (
				BAAA28D72361FD8100F067A0 /* Main.storyboard */,
				BAAA28DA2361FD8200F067A0 /* Assets.xcassets */,
				BAAA28DC2361FD8200F067A0 /* LaunchScreen.storyboard */,
			);
			path = View;
			sourceTree = "<group>";
		};
		BAAA28C52361FD8100F067A0 = {
			isa = PBXGroup;
			children = (
				BAAA28D02361FD8100F067A0 /* WEChat */,
				BAAA28CF2361FD8100F067A0 /* Products */,
				857EBDF7E2DCFF11A63B8AF3 /* Pods */,
				2B6599282243853F2DA160C3 /* Frameworks */,
			);
			sourceTree = "<group>";
		};
		BAAA28CF2361FD8100F067A0 /* Products */ = {
			isa = PBXGroup;
			children = (
				BAAA28CE2361FD8100F067A0 /* WEChat.app */,
			);
			name = Products;
			sourceTree = "<group>";
		};
		BAAA28D02361FD8100F067A0 /* WEChat */ = {
			isa = PBXGroup;
			children = (
				BAAA28D12361FD8100F067A0 /* AppDelegate.swift */,
				BAAA28D32361FD8100F067A0 /* SceneDelegate.swift */,
				BA248DB223620693003CFB3C /* Controller */,
				BA248DB3236206A2003CFB3C /* Model */,
				BA248DB4236206AE003CFB3C /* View */,
				BAAA28DF2361FD8200F067A0 /* Info.plist */,
				BA248DB523624AAC003CFB3C /* GoogleService-Info.plist */,
			);
			path = WEChat;
			sourceTree = "<group>";
		};
/* End PBXGroup section */

/* Begin PBXNativeTarget section */
		BAAA28CD2361FD8100F067A0 /* WEChat */ = {
			isa = PBXNativeTarget;
			buildConfigurationList = BAAA28E22361FD8200F067A0 /* Build configuration list for PBXNativeTarget "WEChat" */;
			buildPhases = (
				FD1B54FF9B87CB08B8EEAB6E /* [CP] Check Pods Manifest.lock */,
				BAAA28CA2361FD8100F067A0 /* Sources */,
				BAAA28CB2361FD8100F067A0 /* Frameworks */,
				BAAA28CC2361FD8100F067A0 /* Resources */,
				52AEB9007C6EC9459428BF37 /* [CP] Embed Pods Frameworks */,
			);
			buildRules = (
			);
			dependencies = (
			);
			name = WEChat;
			productName = WEChat;
			productReference = BAAA28CE2361FD8100F067A0 /* WEChat.app */;
			productType = "com.apple.product-type.application";
		};
/* End PBXNativeTarget section */

/* Begin PBXProject section */
		BAAA28C62361FD8100F067A0 /* Project object */ = {
			isa = PBXProject;
			attributes = {
				LastSwiftUpdateCheck = 1110;
				LastUpgradeCheck = 1110;
				ORGANIZATIONNAME = Mohamed74;
				TargetAttributes = {
					BAAA28CD2361FD8100F067A0 = {
						CreatedOnToolsVersion = 11.1;
					};
				};
			};
			buildConfigurationList = BAAA28C92361FD8100F067A0 /* Build configuration list for PBXProject "WEChat" */;
			compatibilityVersion = "Xcode 9.3";
			developmentRegion = en;
			hasScannedForEncodings = 0;
			knownRegions = (
				en,
				Base,
			);
			mainGroup = BAAA28C52361FD8100F067A0;
			productRefGroup = BAAA28CF2361FD8100F067A0 /* Products */;
			projectDirPath = "";
			projectRoot = "";
			targets = (
				BAAA28CD2361FD8100F067A0 /* WEChat */,
			);
		};
/* End PBXProject section */

/* Begin PBXResourcesBuildPhase section */
		BAAA28CC2361FD8100F067A0 /* Resources */ = {
			isa = PBXResourcesBuildPhase;
			buildActionMask = 2147483647;
			files = (
				BAAA28DE2361FD8200F067A0 /* LaunchScreen.storyboard in Resources */,
				BA248DB623624AAC003CFB3C /* GoogleService-Info.plist in Resources */,
				BAAA28DB2361FD8200F067A0 /* Assets.xcassets in Resources */,
				BAAA28D92361FD8100F067A0 /* Main.storyboard in Resources */,
			);
			runOnlyForDeploymentPostprocessing = 0;
		};
/* End PBXResourcesBuildPhase section */

/* Begin PBXShellScriptBuildPhase section */
		52AEB9007C6EC9459428BF37 /* [CP] Embed Pods Frameworks */ = {
			isa = PBXShellScriptBuildPhase;
			buildActionMask = 2147483647;
			files = (
			);
			inputFileListPaths = (
				"${PODS_ROOT}/Target Support Files/Pods-WEChat/Pods-WEChat-frameworks-${CONFIGURATION}-input-files.xcfilelist",
			);
			name = "[CP] Embed Pods Frameworks";
			outputFileListPaths = (
				"${PODS_ROOT}/Target Support Files/Pods-WEChat/Pods-WEChat-frameworks-${CONFIGURATION}-output-files.xcfilelist",
			);
			runOnlyForDeploymentPostprocessing = 0;
			shellPath = /bin/sh;
			shellScript = "\"${PODS_ROOT}/Target Support Files/Pods-WEChat/Pods-WEChat-frameworks.sh\"\n";
			showEnvVarsInLog = 0;
		};
		FD1B54FF9B87CB08B8EEAB6E /* [CP] Check Pods Manifest.lock */ = {
			isa = PBXShellScriptBuildPhase;
			buildActionMask = 2147483647;
			files = (
			);
			inputFileListPaths = (
			);
			inputPaths = (
				"${PODS_PODFILE_DIR_PATH}/Podfile.lock",
				"${PODS_ROOT}/Manifest.lock",
			);
			name = "[CP] Check Pods Manifest.lock";
			outputFileListPaths = (
			);
			outputPaths = (
				"$(DERIVED_FILE_DIR)/Pods-WEChat-checkManifestLockResult.txt",
			);
			runOnlyForDeploymentPostprocessing = 0;
			shellPath = /bin/sh;
			shellScript = "diff \"${PODS_PODFILE_DIR_PATH}/Podfile.lock\" \"${PODS_ROOT}/Manifest.lock\" > /dev/null\nif [ $? != 0 ] ; then\n    # print error to STDERR\n    echo \"error: The sandbox is not in sync with the Podfile.lock. Run 'pod install' or update your CocoaPods installation.\" >&2\n    exit 1\nfi\n# This output is used by Xcode 'outputs' to avoid re-running this script phase.\necho \"SUCCESS\" > \"${SCRIPT_OUTPUT_FILE_0}\"\n";
			showEnvVarsInLog = 0;
		};
/* End PBXShellScriptBuildPhase section */

/* Begin PBXSourcesBuildPhase section */
		BAAA28CA2361FD8100F067A0 /* Sources */ = {
			isa = PBXSourcesBuildPhase;
			buildActionMask = 2147483647;
			files = (
				BAAA28D62361FD8100F067A0 /* ViewController.swift in Sources */,
				BAAA28D22361FD8100F067A0 /* AppDelegate.swift in Sources */,
				BA0BC2FF236459F300AA9CB7 /* RoomName.swift in Sources */,
				BA0BC30123646A2100AA9CB7 /* ChatViewController.swift in Sources */,
				BA248DB82362697A003CFB3C /* HomeVCViewController.swift in Sources */,
				BAAA28E62361FF7100F067A0 /* CustomCell.swift in Sources */,
				BAAA28D42361FD8100F067A0 /* SceneDelegate.swift in Sources */,
			);
			runOnlyForDeploymentPostprocessing = 0;
		};
/* End PBXSourcesBuildPhase section */

/* Begin PBXVariantGroup section */
		BAAA28D72361FD8100F067A0 /* Main.storyboard */ = {
			isa = PBXVariantGroup;
			children = (
				BAAA28D82361FD8100F067A0 /* Base */,
			);
			name = Main.storyboard;
			sourceTree = "<group>";
		};
		BAAA28DC2361FD8200F067A0 /* LaunchScreen.storyboard */ = {
			isa = PBXVariantGroup;
			children = (
				BAAA28DD2361FD8200F067A0 /* Base */,
			);
			name = LaunchScreen.storyboard;
			sourceTree = "<group>";
		};
/* End PBXVariantGroup section */

/* Begin XCBuildConfiguration section */
		BAAA28E02361FD8200F067A0 /* Debug */ = {
			isa = XCBuildConfiguration;
			buildSettings = {
				ALWAYS_SEARCH_USER_PATHS = NO;
				CLANG_ANALYZER_NONNULL = YES;
				CLANG_ANALYZER_NUMBER_OBJECT_CONVERSION = YES_AGGRESSIVE;
				CLANG_CXX_LANGUAGE_STANDARD = "gnu++14";
				CLANG_CXX_LIBRARY = "libc++";
				CLANG_ENABLE_MODULES = YES;
				CLANG_ENABLE_OBJC_ARC = YES;
				CLANG_ENABLE_OBJC_WEAK = YES;
				CLANG_WARN_BLOCK_CAPTURE_AUTORELEASING = YES;
				CLANG_WARN_BOOL_CONVERSION = YES;
				CLANG_WARN_COMMA = YES;
				CLANG_WARN_CONSTANT_CONVERSION = YES;
				CLANG_WARN_DEPRECATED_OBJC_IMPLEMENTATIONS = YES;
				CLANG_WARN_DIRECT_OBJC_ISA_USAGE = YES_ERROR;
				CLANG_WARN_DOCUMENTATION_COMMENTS = YES;
				CLANG_WARN_EMPTY_BODY = YES;
				CLANG_WARN_ENUM_CONVERSION = YES;
				CLANG_WARN_INFINITE_RECURSION = YES;
				CLANG_WARN_INT_CONVERSION = YES;
				CLANG_WARN_NON_LITERAL_NULL_CONVERSION = YES;
				CLANG_WARN_OBJC_IMPLICIT_RETAIN_SELF = YES;
				CLANG_WARN_OBJC_LITERAL_CONVERSION = YES;
				CLANG_WARN_OBJC_ROOT_CLASS = YES_ERROR;
				CLANG_WARN_RANGE_LOOP_ANALYSIS = YES;
				CLANG_WARN_STRICT_PROTOTYPES = YES;
				CLANG_WARN_SUSPICIOUS_MOVE = YES;
				CLANG_WARN_UNGUARDED_AVAILABILITY = YES_AGGRESSIVE;
				CLANG_WARN_UNREACHABLE_CODE = YES;
				CLANG_WARN__DUPLICATE_METHOD_MATCH = YES;
				COPY_PHASE_STRIP = NO;
				DEBUG_INFORMATION_FORMAT = dwarf;
				ENABLE_STRICT_OBJC_MSGSEND = YES;
				ENABLE_TESTABILITY = YES;
				GCC_C_LANGUAGE_STANDARD = gnu11;
				GCC_DYNAMIC_NO_PIC = NO;
				GCC_NO_COMMON_BLOCKS = YES;
				GCC_OPTIMIZATION_LEVEL = 0;
				GCC_PREPROCESSOR_DEFINITIONS = (
					"DEBUG=1",
					"$(inherited)",
				);
				GCC_WARN_64_TO_32_BIT_CONVERSION = YES;
				GCC_WARN_ABOUT_RETURN_TYPE = YES_ERROR;
				GCC_WARN_UNDECLARED_SELECTOR = YES;
				GCC_WARN_UNINITIALIZED_AUTOS = YES_AGGRESSIVE;
				GCC_WARN_UNUSED_FUNCTION = YES;
				GCC_WARN_UNUSED_VARIABLE = YES;
				IPHONEOS_DEPLOYMENT_TARGET = 13.1;
				MTL_ENABLE_DEBUG_INFO = INCLUDE_SOURCE;
				MTL_FAST_MATH = YES;
				ONLY_ACTIVE_ARCH = YES;
				SDKROOT = iphoneos;
				SWIFT_ACTIVE_COMPILATION_CONDITIONS = DEBUG;
				SWIFT_OPTIMIZATION_LEVEL = "-Onone";
			};
			name = Debug;
		};
		BAAA28E12361FD8200F067A0 /* Release */ = {
			isa = XCBuildConfiguration;
			buildSettings = {
				ALWAYS_SEARCH_USER_PATHS = NO;
				CLANG_ANALYZER_NONNULL = YES;
				CLANG_ANALYZER_NUMBER_OBJECT_CONVERSION = YES_AGGRESSIVE;
				CLANG_CXX_LANGUAGE_STANDARD = "gnu++14";
				CLANG_CXX_LIBRARY = "libc++";
				CLANG_ENABLE_MODULES = YES;
				CLANG_ENABLE_OBJC_ARC = YES;
				CLANG_ENABLE_OBJC_WEAK = YES;
				CLANG_WARN_BLOCK_CAPTURE_AUTORELEASING = YES;
				CLANG_WARN_BOOL_CONVERSION = YES;
				CLANG_WARN_COMMA = YES;
				CLANG_WARN_CONSTANT_CONVERSION = YES;
				CLANG_WARN_DEPRECATED_OBJC_IMPLEMENTATIONS = YES;
				CLANG_WARN_DIRECT_OBJC_ISA_USAGE = YES_ERROR;
				CLANG_WARN_DOCUMENTATION_COMMENTS = YES;
				CLANG_WARN_EMPTY_BODY = YES;
				CLANG_WARN_ENUM_CONVERSION = YES;
				CLANG_WARN_INFINITE_RECURSION = YES;
				CLANG_WARN_INT_CONVERSION = YES;
				CLANG_WARN_NON_LITERAL_NULL_CONVERSION = YES;
				CLANG_WARN_OBJC_IMPLICIT_RETAIN_SELF = YES;
				CLANG_WARN_OBJC_LITERAL_CONVERSION = YES;
				CLANG_WARN_OBJC_ROOT_CLASS = YES_ERROR;
				CLANG_WARN_RANGE_LOOP_ANALYSIS = YES;
				CLANG_WARN_STRICT_PROTOTYPES = YES;
				CLANG_WARN_SUSPICIOUS_MOVE = YES;
				CLANG_WARN_UNGUARDED_AVAILABILITY = YES_AGGRESSIVE;
				CLANG_WARN_UNREACHABLE_CODE = YES;
				CLANG_WARN__DUPLICATE_METHOD_MATCH = YES;
				COPY_PHASE_STRIP = NO;
				DEBUG_INFORMATION_FORMAT = "dwarf-with-dsym";
				ENABLE_NS_ASSERTIONS = NO;
				ENABLE_STRICT_OBJC_MSGSEND = YES;
				GCC_C_LANGUAGE_STANDARD = gnu11;
				GCC_NO_COMMON_BLOCKS = YES;
				GCC_WARN_64_TO_32_BIT_CONVERSION = YES;
				GCC_WARN_ABOUT_RETURN_TYPE = YES_ERROR;
				GCC_WARN_UNDECLARED_SELECTOR = YES;
				GCC_WARN_UNINITIALIZED_AUTOS = YES_AGGRESSIVE;
				GCC_WARN_UNUSED_FUNCTION = YES;
				GCC_WARN_UNUSED_VARIABLE = YES;
				IPHONEOS_DEPLOYMENT_TARGET = 13.1;
				MTL_ENABLE_DEBUG_INFO = NO;
				MTL_FAST_MATH = YES;
				SDKROOT = iphoneos;
				SWIFT_COMPILATION_MODE = wholemodule;
				SWIFT_OPTIMIZATION_LEVEL = "-O";
				VALIDATE_PRODUCT = YES;
			};
			name = Release;
		};
		BAAA28E32361FD8200F067A0 /* Debug */ = {
			isa = XCBuildConfiguration;
			baseConfigurationReference = 2EAD8242AEC565DD79CE76C2 /* Pods-WEChat.debug.xcconfig */;
			buildSettings = {
				ASSETCATALOG_COMPILER_APPICON_NAME = AppIcon;
				CODE_SIGN_STYLE = Automatic;
				DEVELOPMENT_TEAM = 2S53RG6Q4M;
				INFOPLIST_FILE = WEChat/Info.plist;
				LD_RUNPATH_SEARCH_PATHS = (
					"$(inherited)",
					"@executable_path/Frameworks",
				);
				PRODUCT_BUNDLE_IDENTIFIER = "Mohamed-osama.WEChat";
				PRODUCT_NAME = "$(TARGET_NAME)";
				SWIFT_VERSION = 5.0;
				TARGETED_DEVICE_FAMILY = 1;
			};
			name = Debug;
		};
		BAAA28E42361FD8200F067A0 /* Release */ = {
			isa = XCBuildConfiguration;
			baseConfigurationReference = CE8FC93BCF86F2552EBDCA0E /* Pods-WEChat.release.xcconfig */;
			buildSettings = {
				ASSETCATALOG_COMPILER_APPICON_NAME = AppIcon;
				CODE_SIGN_STYLE = Automatic;
				DEVELOPMENT_TEAM = 2S53RG6Q4M;
				INFOPLIST_FILE = WEChat/Info.plist;
				LD_RUNPATH_SEARCH_PATHS = (
					"$(inherited)",
					"@executable_path/Frameworks",
				);
				PRODUCT_BUNDLE_IDENTIFIER = "Mohamed-osama.WEChat";
				PRODUCT_NAME = "$(TARGET_NAME)";
				SWIFT_VERSION = 5.0;
				TARGETED_DEVICE_FAMILY = 1;
			};
			name = Release;
		};
/* End XCBuildConfiguration section */

/* Begin XCConfigurationList section */
		BAAA28C92361FD8100F067A0 /* Build configuration list for PBXProject "WEChat" */ = {
			isa = XCConfigurationList;
			buildConfigurations = (
				BAAA28E02361FD8200F067A0 /* Debug */,
				BAAA28E12361FD8200F067A0 /* Release */,
			);
			defaultConfigurationIsVisible = 0;
			defaultConfigurationName = Release;
		};
		BAAA28E22361FD8200F067A0 /* Build configuration list for PBXNativeTarget "WEChat" */ = {
			isa = XCConfigurationList;
			buildConfigurations = (
				BAAA28E32361FD8200F067A0 /* Debug */,
				BAAA28E42361FD8200F067A0 /* Release */,
			);
			defaultConfigurationIsVisible = 0;
			defaultConfigurationName = Release;
		};
/* End XCConfigurationList section */
	};
	rootObject = BAAA28C62361FD8100F067A0 /* Project object */;
}
